
Microsoft Visual Studio Solution File, Format Version 12.00
# Visual Studio Version 17
VisualStudioVersion = 17.14.36301.6 d17.14
MinimumVisualStudioVersion = 10.0.40219.1
Project("{54A90642-561A-4BB1-A94E-469ADEE60C69}") = "dtiapplicationsissuestracker.client", "dtiapplicationsissuestracker.client\dtiapplicationsissuestracker.client.esproj", "{ED4AF38D-B205-A8C4-9C76-8B5C30513DF4}"
EndProject
Project("{FAE04EC0-301F-11D3-BF4B-00C04F79EFBC}") = "DtiApplicationsIssuesTracker.Server", "DtiApplicationsIssuesTracker.Server\DtiApplicationsIssuesTracker.Server.csproj", "{2751A020-BDEF-48BA-857A-0C485FAD57F6}"
EndProject
Global
	GlobalSection(SolutionConfigurationPlatforms) = preSolution
		Debug|Any CPU = Debug|Any CPU
		Release|Any CPU = Release|Any CPU
	EndGlobalSection
	GlobalSection(ProjectConfigurationPlatforms) = postSolution
		{ED4AF38D-B205-A8C4-9C76-8B5C30513DF4}.Debug|Any CPU.ActiveCfg = Debug|Any CPU
		{ED4AF38D-B205-A8C4-9C76-8B5C30513DF4}.Debug|Any CPU.Build.0 = Debug|Any CPU
		{ED4AF38D-B205-A8C4-9C76-8B5C30513DF4}.Debug|Any CPU.Deploy.0 = Debug|Any CPU
		{ED4AF38D-B205-A8C4-9C76-8B5C30513DF4}.Release|Any CPU.ActiveCfg = Release|Any CPU
		{ED4AF38D-B205-A8C4-9C76-8B5C30513DF4}.Release|Any CPU.Build.0 = Release|Any CPU
		{ED4AF38D-B205-A8C4-9C76-8B5C30513DF4}.Release|Any CPU.Deploy.0 = Release|Any CPU
		{2751A020-BDEF-48BA-857A-0C485FAD57F6}.Debug|Any CPU.ActiveCfg = Debug|Any CPU
		{2751A020-BDEF-48BA-857A-0C485FAD57F6}.Debug|Any CPU.Build.0 = Debug|Any CPU
		{2751A020-BDEF-48BA-857A-0C485FAD57F6}.Release|Any CPU.ActiveCfg = Release|Any CPU
		{2751A020-BDEF-48BA-857A-0C485FAD57F6}.Release|Any CPU.Build.0 = Release|Any CPU
	EndGlobalSection
	GlobalSection(SolutionProperties) = preSolution
		HideSolutionNode = FALSE
	EndGlobalSection
	GlobalSection(ExtensibilityGlobals) = postSolution
		SolutionGuid = {9DA4A1AE-C3F6-4037-913E-6373EF054B23}
	EndGlobalSection
EndGlobal
